
Microsoft Visual Studio Solution File, Format Version 12.00
# Visual Studio Version 17
VisualStudioVersion = 17.0.32112.339
MinimumVisualStudioVersion = 10.0.40219.1
Project("{9A19103F-16F7-4668-BE54-9A1E7A4F7556}") = "Phonebook", "Phonebook.csproj", "{EDA7D5DB-213D-4BE1-A14A-D05D40B86872}"
EndProject
Project("{FAE04EC0-301F-11D3-BF4B-00C04F79EFBC}") = "PhonebookTests", "..\PhonebookTests\PhonebookTests.csproj", "{7E3A9D6E-A615-4B1B-A92D-516638CD9706}"
EndProject
Global
	GlobalSection(SolutionConfigurationPlatforms) = preSolution
		Debug|Any CPU = Debug|Any CPU
		Release|Any CPU = Release|Any CPU
	EndGlobalSection
	GlobalSection(ProjectConfigurationPlatforms) = postSolution
		{EDA7D5DB-213D-4BE1-A14A-D05D40B86872}.Debug|Any CPU.ActiveCfg = Debug|Any CPU
		{EDA7D5DB-213D-4BE1-A14A-D05D40B86872}.Debug|Any CPU.Build.0 = Debug|Any CPU
		{EDA7D5DB-213D-4BE1-A14A-D05D40B86872}.Release|Any CPU.ActiveCfg = Release|Any CPU
		{EDA7D5DB-213D-4BE1-A14A-D05D40B86872}.Release|Any CPU.Build.0 = Release|Any CPU
		{7E3A9D6E-A615-4B1B-A92D-516638CD9706}.Debug|Any CPU.ActiveCfg = Debug|Any CPU
		{7E3A9D6E-A615-4B1B-A92D-516638CD9706}.Debug|Any CPU.Build.0 = Debug|Any CPU
		{7E3A9D6E-A615-4B1B-A92D-516638CD9706}.Release|Any CPU.ActiveCfg = Release|Any CPU
		{7E3A9D6E-A615-4B1B-A92D-516638CD9706}.Release|Any CPU.Build.0 = Release|Any CPU
	EndGlobalSection
	GlobalSection(SolutionProperties) = preSolution
		HideSolutionNode = FALSE
	EndGlobalSection
	GlobalSection(ExtensibilityGlobals) = postSolution
		SolutionGuid = {510A0A14-180A-46A6-8C61-E00C02129E27}
	EndGlobalSection
EndGlobal
